
Microsoft Visual Studio Solution File, Format Version 12.00
# Visual Studio 2013
VisualStudioVersion = 12.0.30501.0
MinimumVisualStudioVersion = 10.0.40219.1
Project("{FAE04EC0-301F-11D3-BF4B-00C04F79EFBC}") = "Example1", "Example1\Example1.csproj", "{0B699542-2999-4576-9E51-87FA7E23A6A4}"
EndProject
Project("{2150E333-8FDC-42A3-9474-1A3956D46DE8}") = ".nuget", ".nuget", "{FE995636-9685-4C5F-83C8-5BFD00383538}"
	ProjectSection(SolutionItems) = preProject
		.nuget\NuGet.Config = .nuget\NuGet.Config
		.nuget\NuGet.exe = .nuget\NuGet.exe
		.nuget\NuGet.targets = .nuget\NuGet.targets
	EndProjectSection
EndProject
Project("{FAE04EC0-301F-11D3-BF4B-00C04F79EFBC}") = "TeamHaven.WebApi.Client", "TeamHaven.WebApi.Proxy\TeamHaven.WebApi.Client.csproj", "{F792687B-E1E7-46AE-9906-C7388F8C6978}"
EndProject
Project("{FAE04EC0-301F-11D3-BF4B-00C04F79EFBC}") = "Example2", "Example2\Example2.csproj", "{28BA3727-3719-47EB-A1E0-7B0F5AF60827}"
EndProject
Global
	GlobalSection(SolutionConfigurationPlatforms) = preSolution
		Debug|Any CPU = Debug|Any CPU
		Release|Any CPU = Release|Any CPU
	EndGlobalSection
	GlobalSection(ProjectConfigurationPlatforms) = postSolution
		{0B699542-2999-4576-9E51-87FA7E23A6A4}.Debug|Any CPU.ActiveCfg = Debug|Any CPU
		{0B699542-2999-4576-9E51-87FA7E23A6A4}.Debug|Any CPU.Build.0 = Debug|Any CPU
		{0B699542-2999-4576-9E51-87FA7E23A6A4}.Release|Any CPU.ActiveCfg = Release|Any CPU
		{0B699542-2999-4576-9E51-87FA7E23A6A4}.Release|Any CPU.Build.0 = Release|Any CPU
		{F792687B-E1E7-46AE-9906-C7388F8C6978}.Debug|Any CPU.ActiveCfg = Debug|Any CPU
		{F792687B-E1E7-46AE-9906-C7388F8C6978}.Debug|Any CPU.Build.0 = Debug|Any CPU
		{F792687B-E1E7-46AE-9906-C7388F8C6978}.Release|Any CPU.ActiveCfg = Release|Any CPU
		{F792687B-E1E7-46AE-9906-C7388F8C6978}.Release|Any CPU.Build.0 = Release|Any CPU
		{28BA3727-3719-47EB-A1E0-7B0F5AF60827}.Debug|Any CPU.ActiveCfg = Debug|Any CPU
		{28BA3727-3719-47EB-A1E0-7B0F5AF60827}.Debug|Any CPU.Build.0 = Debug|Any CPU
		{28BA3727-3719-47EB-A1E0-7B0F5AF60827}.Release|Any CPU.ActiveCfg = Release|Any CPU
		{28BA3727-3719-47EB-A1E0-7B0F5AF60827}.Release|Any CPU.Build.0 = Release|Any CPU
	EndGlobalSection
	GlobalSection(SolutionProperties) = preSolution
		HideSolutionNode = FALSE
	EndGlobalSection
EndGlobal
